// !$*UTF8*$!
{
	archiveVersion = 1;
	classes = {
	};
	objectVersion = 46;
	objects = {

/* Begin PBXBuildFile section */
		4D30991D1CA0584000973AD3 /* LeetCodeTest.cpp in Sources */ = {isa = PBXBuildFile; fileRef = 4D30991C1CA0584000973AD3 /* LeetCodeTest.cpp */; };
		4D36E08E1C5067C1004AB91D /* HeapTest.cpp in Sources */ = {isa = PBXBuildFile; fileRef = 4D36E08D1C5067C1004AB91D /* HeapTest.cpp */; };
		4D39D4A11D14EA1D00E9CBBA /* Miscellaneous.cpp in Sources */ = {isa = PBXBuildFile; fileRef = 4D39D4A01D14EA1D00E9CBBA /* Miscellaneous.cpp */; };
		4DEBEFFA1C332B080044E688 /* main.cpp in Sources */ = {isa = PBXBuildFile; fileRef = 4DEBEFF91C332B080044E688 /* main.cpp */; };
		4DF971E11E811B47004CA0FA /* Fibonacci.cpp in Sources */ = {isa = PBXBuildFile; fileRef = 4DF971DF1E811B47004CA0FA /* Fibonacci.cpp */; };
		4DF971E21E811B47004CA0FA /* main.cpp in Sources */ = {isa = PBXBuildFile; fileRef = 4DF971E01E811B47004CA0FA /* main.cpp */; };
/* End PBXBuildFile section */

/* Begin PBXCopyFilesBuildPhase section */
		4D266B8C1B5F3A400029D2F3 /* CopyFiles */ = {
			isa = PBXCopyFilesBuildPhase;
			buildActionMask = 2147483647;
			dstPath = /usr/share/man/man1/;
			dstSubfolderSpec = 0;
			files = (
			);
			runOnlyForDeploymentPostprocessing = 1;
		};
		4DEBEFF51C332B080044E688 /* CopyFiles */ = {
			isa = PBXCopyFilesBuildPhase;
			buildActionMask = 2147483647;
			dstPath = /usr/share/man/man1/;
			dstSubfolderSpec = 0;
			files = (
			);
			runOnlyForDeploymentPostprocessing = 1;
		};
/* End PBXCopyFilesBuildPhase section */

/* Begin PBXFileReference section */
		4D266B8E1B5F3A400029D2F3 /* dataStructure */ = {isa = PBXFileReference; explicitFileType = "compiled.mach-o.executable"; includeInIndex = 0; path = dataStructure; sourceTree = BUILT_PRODUCTS_DIR; };
		4D30991C1CA0584000973AD3 /* LeetCodeTest.cpp */ = {isa = PBXFileReference; fileEncoding = 4; lastKnownFileType = sourcecode.cpp.cpp; path = LeetCodeTest.cpp; sourceTree = "<group>"; };
		4D36E08D1C5067C1004AB91D /* HeapTest.cpp */ = {isa = PBXFileReference; fileEncoding = 4; lastKnownFileType = sourcecode.cpp.cpp; path = HeapTest.cpp; sourceTree = "<group>"; };
		4D39D4A01D14EA1D00E9CBBA /* Miscellaneous.cpp */ = {isa = PBXFileReference; fileEncoding = 4; lastKnownFileType = sourcecode.cpp.cpp; path = Miscellaneous.cpp; sourceTree = "<group>"; };
		4DEBEFF71C332B080044E688 /* Test */ = {isa = PBXFileReference; explicitFileType = "compiled.mach-o.executable"; includeInIndex = 0; path = Test; sourceTree = BUILT_PRODUCTS_DIR; };
		4DEBEFF91C332B080044E688 /* main.cpp */ = {isa = PBXFileReference; lastKnownFileType = sourcecode.cpp.cpp; path = main.cpp; sourceTree = "<group>"; };
		4DF971CF1E811B32004CA0FA /* AVL.hpp */ = {isa = PBXFileReference; fileEncoding = 4; lastKnownFileType = sourcecode.cpp.h; name = AVL.hpp; path = include/AVL.hpp; sourceTree = "<group>"; };
		4DF971D01E811B32004CA0FA /* BinNode.hpp */ = {isa = PBXFileReference; fileEncoding = 4; lastKnownFileType = sourcecode.cpp.h; name = BinNode.hpp; path = include/BinNode.hpp; sourceTree = "<group>"; };
		4DF971D11E811B32004CA0FA /* BinSearchTree.hpp */ = {isa = PBXFileReference; fileEncoding = 4; lastKnownFileType = sourcecode.cpp.h; name = BinSearchTree.hpp; path = include/BinSearchTree.hpp; sourceTree = "<group>"; };
		4DF971D21E811B32004CA0FA /* BinTree.hpp */ = {isa = PBXFileReference; fileEncoding = 4; lastKnownFileType = sourcecode.cpp.h; name = BinTree.hpp; path = include/BinTree.hpp; sourceTree = "<group>"; };
		4DF971D31E811B32004CA0FA /* BTree.hpp */ = {isa = PBXFileReference; fileEncoding = 4; lastKnownFileType = sourcecode.cpp.h; name = BTree.hpp; path = include/BTree.hpp; sourceTree = "<group>"; };
		4DF971D41E811B32004CA0FA /* Fibonacci.hpp */ = {isa = PBXFileReference; fileEncoding = 4; lastKnownFileType = sourcecode.cpp.h; name = Fibonacci.hpp; path = include/Fibonacci.hpp; sourceTree = "<group>"; };
		4DF971D51E811B32004CA0FA /* Graph.hpp */ = {isa = PBXFileReference; fileEncoding = 4; lastKnownFileType = sourcecode.cpp.h; name = Graph.hpp; path = include/Graph.hpp; sourceTree = "<group>"; };
		4DF971D61E811B32004CA0FA /* Heap.hpp */ = {isa = PBXFileReference; fileEncoding = 4; lastKnownFileType = sourcecode.cpp.h; name = Heap.hpp; path = include/Heap.hpp; sourceTree = "<group>"; };
		4DF971D71E811B32004CA0FA /* Labyrinth.hpp */ = {isa = PBXFileReference; fileEncoding = 4; lastKnownFileType = sourcecode.cpp.h; name = Labyrinth.hpp; path = include/Labyrinth.hpp; sourceTree = "<group>"; };
		4DF971D81E811B32004CA0FA /* LeetCode.hpp */ = {isa = PBXFileReference; fileEncoding = 4; lastKnownFileType = sourcecode.cpp.h; name = LeetCode.hpp; path = include/LeetCode.hpp; sourceTree = "<group>"; };
		4DF971D91E811B32004CA0FA /* List.hpp */ = {isa = PBXFileReference; fileEncoding = 4; lastKnownFileType = sourcecode.cpp.h; name = List.hpp; path = include/List.hpp; sourceTree = "<group>"; };
		4DF971DA1E811B32004CA0FA /* ListNode.hpp */ = {isa = PBXFileReference; fileEncoding = 4; lastKnownFileType = sourcecode.cpp.h; name = ListNode.hpp; path = include/ListNode.hpp; sourceTree = "<group>"; };
		4DF971DB1E811B32004CA0FA /* MyVector.hpp */ = {isa = PBXFileReference; fileEncoding = 4; lastKnownFileType = sourcecode.cpp.h; name = MyVector.hpp; path = include/MyVector.hpp; sourceTree = "<group>"; };
		4DF971DC1E811B32004CA0FA /* PriorityQueue.hpp */ = {isa = PBXFileReference; fileEncoding = 4; lastKnownFileType = sourcecode.cpp.h; name = PriorityQueue.hpp; path = include/PriorityQueue.hpp; sourceTree = "<group>"; };
		4DF971DD1E811B32004CA0FA /* Queue.hpp */ = {isa = PBXFileReference; fileEncoding = 4; lastKnownFileType = sourcecode.cpp.h; name = Queue.hpp; path = include/Queue.hpp; sourceTree = "<group>"; };
		4DF971DE1E811B32004CA0FA /* Stack.hpp */ = {isa = PBXFileReference; fileEncoding = 4; lastKnownFileType = sourcecode.cpp.h; name = Stack.hpp; path = include/Stack.hpp; sourceTree = "<group>"; };
		4DF971DF1E811B47004CA0FA /* Fibonacci.cpp */ = {isa = PBXFileReference; fileEncoding = 4; lastKnownFileType = sourcecode.cpp.cpp; name = Fibonacci.cpp; path = src/Fibonacci.cpp; sourceTree = "<group>"; };
		4DF971E01E811B47004CA0FA /* main.cpp */ = {isa = PBXFileReference; fileEncoding = 4; lastKnownFileType = sourcecode.cpp.cpp; name = main.cpp; path = src/main.cpp; sourceTree = "<group>"; };
/* End PBXFileReference section */

/* Begin PBXFrameworksBuildPhase section */
		4D266B8B1B5F3A400029D2F3 /* Frameworks */ = {
			isa = PBXFrameworksBuildPhase;
			buildActionMask = 2147483647;
			files = (
			);
			runOnlyForDeploymentPostprocessing = 0;
		};
		4DEBEFF41C332B080044E688 /* Frameworks */ = {
			isa = PBXFrameworksBuildPhase;
			buildActionMask = 2147483647;
			files = (
			);
			runOnlyForDeploymentPostprocessing = 0;
		};
/* End PBXFrameworksBuildPhase section */

/* Begin PBXGroup section */
		4D266B851B5F3A400029D2F3 = {
			isa = PBXGroup;
			children = (
				4DF971CE1E811B24004CA0FA /* include */,
				4DF971CD1E811B1F004CA0FA /* src */,
				4D266B901B5F3A400029D2F3 /* dataStructure */,
				4DEBEFF81C332B080044E688 /* test */,
				4D266B8F1B5F3A400029D2F3 /* Products */,
			);
			sourceTree = "<group>";
			usesTabs = 0;
		};
		4D266B8F1B5F3A400029D2F3 /* Products */ = {
			isa = PBXGroup;
			children = (
				4D266B8E1B5F3A400029D2F3 /* dataStructure */,
				4DEBEFF71C332B080044E688 /* Test */,
			);
			name = Products;
			sourceTree = "<group>";
		};
		4D266B901B5F3A400029D2F3 /* dataStructure */ = {
			isa = PBXGroup;
			children = (
			);
			name = dataStructure;
			path = Source;
			sourceTree = "<group>";
		};
		4DEBEFF81C332B080044E688 /* test */ = {
			isa = PBXGroup;
			children = (
				4DEBEFF91C332B080044E688 /* main.cpp */,
				4D36E08D1C5067C1004AB91D /* HeapTest.cpp */,
				4D30991C1CA0584000973AD3 /* LeetCodeTest.cpp */,
				4D39D4A01D14EA1D00E9CBBA /* Miscellaneous.cpp */,
			);
			name = test;
			path = Test;
			sourceTree = "<group>";
		};
		4DF971CD1E811B1F004CA0FA /* src */ = {
			isa = PBXGroup;
			children = (
				4DF971DF1E811B47004CA0FA /* Fibonacci.cpp */,
				4DF971E01E811B47004CA0FA /* main.cpp */,
			);
			name = src;
			sourceTree = "<group>";
		};
		4DF971CE1E811B24004CA0FA /* include */ = {
			isa = PBXGroup;
			children = (
				4DF971CF1E811B32004CA0FA /* AVL.hpp */,
				4DF971D01E811B32004CA0FA /* BinNode.hpp */,
				4DF971D11E811B32004CA0FA /* BinSearchTree.hpp */,
				4DF971D21E811B32004CA0FA /* BinTree.hpp */,
				4DF971D31E811B32004CA0FA /* BTree.hpp */,
				4DF971D41E811B32004CA0FA /* Fibonacci.hpp */,
				4DF971D51E811B32004CA0FA /* Graph.hpp */,
				4DF971D61E811B32004CA0FA /* Heap.hpp */,
				4DF971D71E811B32004CA0FA /* Labyrinth.hpp */,
				4DF971D81E811B32004CA0FA /* LeetCode.hpp */,
				4DF971D91E811B32004CA0FA /* List.hpp */,
				4DF971DA1E811B32004CA0FA /* ListNode.hpp */,
				4DF971DB1E811B32004CA0FA /* MyVector.hpp */,
				4DF971DC1E811B32004CA0FA /* PriorityQueue.hpp */,
				4DF971DD1E811B32004CA0FA /* Queue.hpp */,
				4DF971DE1E811B32004CA0FA /* Stack.hpp */,
			);
			name = include;
			sourceTree = "<group>";
		};
/* End PBXGroup section */

/* Begin PBXNativeTarget section */
		4D266B8D1B5F3A400029D2F3 /* dataStructure */ = {
			isa = PBXNativeTarget;
			buildConfigurationList = 4D266B951B5F3A400029D2F3 /* Build configuration list for PBXNativeTarget "dataStructure" */;
			buildPhases = (
				4D266B8A1B5F3A400029D2F3 /* Sources */,
				4D266B8B1B5F3A400029D2F3 /* Frameworks */,
				4D266B8C1B5F3A400029D2F3 /* CopyFiles */,
			);
			buildRules = (
			);
			dependencies = (
			);
			name = dataStructure;
			productName = testProgram;
			productReference = 4D266B8E1B5F3A400029D2F3 /* dataStructure */;
			productType = "com.apple.product-type.tool";
		};
		4DEBEFF61C332B080044E688 /* Test */ = {
			isa = PBXNativeTarget;
			buildConfigurationList = 4DEBEFFD1C332B080044E688 /* Build configuration list for PBXNativeTarget "Test" */;
			buildPhases = (
				4DEBEFF31C332B080044E688 /* Sources */,
				4DEBEFF41C332B080044E688 /* Frameworks */,
				4DEBEFF51C332B080044E688 /* CopyFiles */,
			);
			buildRules = (
			);
			dependencies = (
			);
			name = Test;
			productName = Test;
			productReference = 4DEBEFF71C332B080044E688 /* Test */;
			productType = "com.apple.product-type.tool";
		};
/* End PBXNativeTarget section */

/* Begin PBXProject section */
		4D266B861B5F3A400029D2F3 /* Project object */ = {
			isa = PBXProject;
			attributes = {
				LastUpgradeCheck = 0800;
				ORGANIZATIONNAME = "University of Southern California";
				TargetAttributes = {
					4D266B8D1B5F3A400029D2F3 = {
						CreatedOnToolsVersion = 6.4;
					};
					4DEBEFF61C332B080044E688 = {
						CreatedOnToolsVersion = 7.2;
					};
				};
			};
			buildConfigurationList = 4D266B891B5F3A400029D2F3 /* Build configuration list for PBXProject "dataStructure" */;
			compatibilityVersion = "Xcode 3.2";
			developmentRegion = English;
			hasScannedForEncodings = 0;
			knownRegions = (
				en,
			);
			mainGroup = 4D266B851B5F3A400029D2F3;
			productRefGroup = 4D266B8F1B5F3A400029D2F3 /* Products */;
			projectDirPath = "";
			projectRoot = "";
			targets = (
				4D266B8D1B5F3A400029D2F3 /* dataStructure */,
				4DEBEFF61C332B080044E688 /* Test */,
			);
		};
/* End PBXProject section */

/* Begin PBXSourcesBuildPhase section */
		4D266B8A1B5F3A400029D2F3 /* Sources */ = {
			isa = PBXSourcesBuildPhase;
			buildActionMask = 2147483647;
			files = (
				4DF971E21E811B47004CA0FA /* main.cpp in Sources */,
				4DF971E11E811B47004CA0FA /* Fibonacci.cpp in Sources */,
			);
			runOnlyForDeploymentPostprocessing = 0;
		};
		4DEBEFF31C332B080044E688 /* Sources */ = {
			isa = PBXSourcesBuildPhase;
			buildActionMask = 2147483647;
			files = (
				4D36E08E1C5067C1004AB91D /* HeapTest.cpp in Sources */,
				4D30991D1CA0584000973AD3 /* LeetCodeTest.cpp in Sources */,
				4D39D4A11D14EA1D00E9CBBA /* Miscellaneous.cpp in Sources */,
				4DEBEFFA1C332B080044E688 /* main.cpp in Sources */,
			);
			runOnlyForDeploymentPostprocessing = 0;
		};
/* End PBXSourcesBuildPhase section */

/* Begin XCBuildConfiguration section */
		4D266B931B5F3A400029D2F3 /* Debug */ = {
			isa = XCBuildConfiguration;
			buildSettings = {
				ALWAYS_SEARCH_USER_PATHS = NO;
				CLANG_CXX_LANGUAGE_STANDARD = "c++0x";
				CLANG_CXX_LIBRARY = "compiler-default";
				CLANG_ENABLE_MODULES = YES;
				CLANG_ENABLE_OBJC_ARC = YES;
				CLANG_WARN_BOOL_CONVERSION = YES;
				CLANG_WARN_CONSTANT_CONVERSION = YES;
				CLANG_WARN_DIRECT_OBJC_ISA_USAGE = YES_ERROR;
				CLANG_WARN_EMPTY_BODY = YES;
				CLANG_WARN_ENUM_CONVERSION = YES;
				CLANG_WARN_INFINITE_RECURSION = YES;
				CLANG_WARN_INT_CONVERSION = YES;
				CLANG_WARN_OBJC_ROOT_CLASS = YES_ERROR;
				CLANG_WARN_SUSPICIOUS_MOVE = YES;
				CLANG_WARN_UNREACHABLE_CODE = YES;
				CLANG_WARN__DUPLICATE_METHOD_MATCH = YES;
				COPY_PHASE_STRIP = NO;
				DEBUG_INFORMATION_FORMAT = dwarf;
				ENABLE_STRICT_OBJC_MSGSEND = YES;
				ENABLE_TESTABILITY = YES;
				GCC_C_LANGUAGE_STANDARD = gnu99;
				GCC_DYNAMIC_NO_PIC = NO;
				GCC_NO_COMMON_BLOCKS = YES;
				GCC_OPTIMIZATION_LEVEL = 0;
				GCC_PREPROCESSOR_DEFINITIONS = (
					"DEBUG=1",
					"$(inherited)",
				);
				GCC_SYMBOLS_PRIVATE_EXTERN = NO;
				GCC_WARN_64_TO_32_BIT_CONVERSION = YES;
				GCC_WARN_ABOUT_RETURN_TYPE = YES_ERROR;
				GCC_WARN_UNDECLARED_SELECTOR = YES;
				GCC_WARN_UNINITIALIZED_AUTOS = YES_AGGRESSIVE;
				GCC_WARN_UNUSED_FUNCTION = YES;
				GCC_WARN_UNUSED_VARIABLE = YES;
				MACOSX_DEPLOYMENT_TARGET = 10.12;
				MTL_ENABLE_DEBUG_INFO = YES;
				ONLY_ACTIVE_ARCH = YES;
				SDKROOT = macosx;
			};
			name = Debug;
		};
		4D266B941B5F3A400029D2F3 /* Release */ = {
			isa = XCBuildConfiguration;
			buildSettings = {
				ALWAYS_SEARCH_USER_PATHS = NO;
				CLANG_CXX_LANGUAGE_STANDARD = "c++0x";
				CLANG_CXX_LIBRARY = "compiler-default";
				CLANG_ENABLE_MODULES = YES;
				CLANG_ENABLE_OBJC_ARC = YES;
				CLANG_WARN_BOOL_CONVERSION = YES;
				CLANG_WARN_CONSTANT_CONVERSION = YES;
				CLANG_WARN_DIRECT_OBJC_ISA_USAGE = YES_ERROR;
				CLANG_WARN_EMPTY_BODY = YES;
				CLANG_WARN_ENUM_CONVERSION = YES;
				CLANG_WARN_INFINITE_RECURSION = YES;
				CLANG_WARN_INT_CONVERSION = YES;
				CLANG_WARN_OBJC_ROOT_CLASS = YES_ERROR;
				CLANG_WARN_SUSPICIOUS_MOVE = YES;
				CLANG_WARN_UNREACHABLE_CODE = YES;
				CLANG_WARN__DUPLICATE_METHOD_MATCH = YES;
				COPY_PHASE_STRIP = NO;
				DEBUG_INFORMATION_FORMAT = "dwarf-with-dsym";
				ENABLE_NS_ASSERTIONS = NO;
				ENABLE_STRICT_OBJC_MSGSEND = YES;
				GCC_C_LANGUAGE_STANDARD = gnu99;
				GCC_NO_COMMON_BLOCKS = YES;
				GCC_WARN_64_TO_32_BIT_CONVERSION = YES;
				GCC_WARN_ABOUT_RETURN_TYPE = YES_ERROR;
				GCC_WARN_UNDECLARED_SELECTOR = YES;
				GCC_WARN_UNINITIALIZED_AUTOS = YES_AGGRESSIVE;
				GCC_WARN_UNUSED_FUNCTION = YES;
				GCC_WARN_UNUSED_VARIABLE = YES;
				MACOSX_DEPLOYMENT_TARGET = 10.12;
				MTL_ENABLE_DEBUG_INFO = NO;
				SDKROOT = macosx;
			};
			name = Release;
		};
		4D266B961B5F3A400029D2F3 /* Debug */ = {
			isa = XCBuildConfiguration;
			buildSettings = {
				PRODUCT_NAME = dataStructure;
			};
			name = Debug;
		};
		4D266B971B5F3A400029D2F3 /* Release */ = {
			isa = XCBuildConfiguration;
			buildSettings = {
				PRODUCT_NAME = dataStructure;
			};
			name = Release;
		};
		4DEBEFFB1C332B080044E688 /* Debug */ = {
			isa = XCBuildConfiguration;
			buildSettings = {
				CODE_SIGN_IDENTITY = "-";
				HEADER_SEARCH_PATHS = /usr/local/include;
				LIBRARY_SEARCH_PATHS = /usr/local/lib;
				MACOSX_DEPLOYMENT_TARGET = 10.11;
				OTHER_LDFLAGS = "-lgtest";
				PRODUCT_NAME = "$(TARGET_NAME)";
			};
			name = Debug;
		};
		4DEBEFFC1C332B080044E688 /* Release */ = {
			isa = XCBuildConfiguration;
			buildSettings = {
				CODE_SIGN_IDENTITY = "-";
				GCC_OPTIMIZATION_LEVEL = 0;
				HEADER_SEARCH_PATHS = /usr/local/include;
				LIBRARY_SEARCH_PATHS = /usr/local/lib;
				MACOSX_DEPLOYMENT_TARGET = 10.11;
				OTHER_LDFLAGS = "-lgtest";
				PRODUCT_NAME = "$(TARGET_NAME)";
			};
			name = Release;
		};
/* End XCBuildConfiguration section */

/* Begin XCConfigurationList section */
		4D266B891B5F3A400029D2F3 /* Build configuration list for PBXProject "dataStructure" */ = {
			isa = XCConfigurationList;
			buildConfigurations = (
				4D266B931B5F3A400029D2F3 /* Debug */,
				4D266B941B5F3A400029D2F3 /* Release */,
			);
			defaultConfigurationIsVisible = 0;
			defaultConfigurationName = Release;
		};
		4D266B951B5F3A400029D2F3 /* Build configuration list for PBXNativeTarget "dataStructure" */ = {
			isa = XCConfigurationList;
			buildConfigurations = (
				4D266B961B5F3A400029D2F3 /* Debug */,
				4D266B971B5F3A400029D2F3 /* Release */,
			);
			defaultConfigurationIsVisible = 0;
			defaultConfigurationName = Release;
		};
		4DEBEFFD1C332B080044E688 /* Build configuration list for PBXNativeTarget "Test" */ = {
			isa = XCConfigurationList;
			buildConfigurations = (
				4DEBEFFB1C332B080044E688 /* Debug */,
				4DEBEFFC1C332B080044E688 /* Release */,
			);
			defaultConfigurationIsVisible = 0;
			defaultConfigurationName = Release;
		};
/* End XCConfigurationList section */
	};
	rootObject = 4D266B861B5F3A400029D2F3 /* Project object */;
}
