// !$*UTF8*$!
{
	archiveVersion = 1;
	classes = {
	};
	objectVersion = 46;
	objects = {

/* Begin PBXBuildFile section */
		4D266B921B5F3A400029D2F3 /* main.cpp in Sources */ = {isa = PBXBuildFile; fileRef = 4D266B911B5F3A400029D2F3 /* main.cpp */; };
		4D30991D1CA0584000973AD3 /* LeetCodeTest.cpp in Sources */ = {isa = PBXBuildFile; fileRef = 4D30991C1CA0584000973AD3 /* LeetCodeTest.cpp */; };
		4D36E08E1C5067C1004AB91D /* HeapTest.cpp in Sources */ = {isa = PBXBuildFile; fileRef = 4D36E08D1C5067C1004AB91D /* HeapTest.cpp */; };
		4D5A9FE91B5F3AF7001D6A91 /* Fibonacci.cpp in Sources */ = {isa = PBXBuildFile; fileRef = 4D5A9FE51B5F3AF7001D6A91 /* Fibonacci.cpp */; };
		4DEBEFFA1C332B080044E688 /* main.cpp in Sources */ = {isa = PBXBuildFile; fileRef = 4DEBEFF91C332B080044E688 /* main.cpp */; };
/* End PBXBuildFile section */

/* Begin PBXCopyFilesBuildPhase section */
		4D266B8C1B5F3A400029D2F3 /* CopyFiles */ = {
			isa = PBXCopyFilesBuildPhase;
			buildActionMask = 2147483647;
			dstPath = /usr/share/man/man1/;
			dstSubfolderSpec = 0;
			files = (
			);
			runOnlyForDeploymentPostprocessing = 1;
		};
		4DEBEFF51C332B080044E688 /* CopyFiles */ = {
			isa = PBXCopyFilesBuildPhase;
			buildActionMask = 2147483647;
			dstPath = /usr/share/man/man1/;
			dstSubfolderSpec = 0;
			files = (
			);
			runOnlyForDeploymentPostprocessing = 1;
		};
/* End PBXCopyFilesBuildPhase section */

/* Begin PBXFileReference section */
		4D1C3E131BC4B8AF00B88AD7 /* AVL.hpp */ = {isa = PBXFileReference; fileEncoding = 4; lastKnownFileType = sourcecode.cpp.h; path = AVL.hpp; sourceTree = "<group>"; };
		4D2581071BC1A419003A45B0 /* BinSearchTree.hpp */ = {isa = PBXFileReference; fileEncoding = 4; lastKnownFileType = sourcecode.cpp.h; path = BinSearchTree.hpp; sourceTree = "<group>"; };
		4D25A46F1B6D2EB300F43DB5 /* NormalTest.h */ = {isa = PBXFileReference; fileEncoding = 4; lastKnownFileType = sourcecode.c.h; path = NormalTest.h; sourceTree = "<group>"; };
		4D266B8E1B5F3A400029D2F3 /* dataStructure */ = {isa = PBXFileReference; explicitFileType = "compiled.mach-o.executable"; includeInIndex = 0; path = dataStructure; sourceTree = BUILT_PRODUCTS_DIR; };
		4D266B911B5F3A400029D2F3 /* main.cpp */ = {isa = PBXFileReference; lastKnownFileType = sourcecode.cpp.cpp; path = main.cpp; sourceTree = "<group>"; };
		4D30991B1CA0579900973AD3 /* LeetCode.hpp */ = {isa = PBXFileReference; fileEncoding = 4; lastKnownFileType = sourcecode.cpp.h; path = LeetCode.hpp; sourceTree = "<group>"; };
		4D30991C1CA0584000973AD3 /* LeetCodeTest.cpp */ = {isa = PBXFileReference; fileEncoding = 4; lastKnownFileType = sourcecode.cpp.cpp; path = LeetCodeTest.cpp; sourceTree = "<group>"; };
		4D36E0861C50063B004AB91D /* PriorityQueue.hpp */ = {isa = PBXFileReference; fileEncoding = 4; lastKnownFileType = sourcecode.cpp.h; path = PriorityQueue.hpp; sourceTree = "<group>"; };
		4D36E0891C5006FD004AB91D /* Heap.hpp */ = {isa = PBXFileReference; fileEncoding = 4; lastKnownFileType = sourcecode.cpp.h; path = Heap.hpp; sourceTree = "<group>"; };
		4D36E08D1C5067C1004AB91D /* HeapTest.cpp */ = {isa = PBXFileReference; fileEncoding = 4; lastKnownFileType = sourcecode.cpp.cpp; path = HeapTest.cpp; sourceTree = "<group>"; };
		4D39C4111B7143B90060C5BD /* BinNode.h */ = {isa = PBXFileReference; fileEncoding = 4; lastKnownFileType = sourcecode.c.h; path = BinNode.h; sourceTree = "<group>"; };
		4D39C4141B7143C20060C5BD /* BinTree.h */ = {isa = PBXFileReference; fileEncoding = 4; lastKnownFileType = sourcecode.c.h; path = BinTree.h; sourceTree = "<group>"; };
		4D520B331BC6FBD200C45C63 /* BTree.hpp */ = {isa = PBXFileReference; fileEncoding = 4; lastKnownFileType = sourcecode.cpp.h; path = BTree.hpp; sourceTree = "<group>"; };
		4D5A9FE51B5F3AF7001D6A91 /* Fibonacci.cpp */ = {isa = PBXFileReference; fileEncoding = 4; lastKnownFileType = sourcecode.cpp.cpp; path = Fibonacci.cpp; sourceTree = "<group>"; };
		4D5A9FE61B5F3AF7001D6A91 /* Fibonacci.h */ = {isa = PBXFileReference; fileEncoding = 4; lastKnownFileType = sourcecode.c.h; path = Fibonacci.h; sourceTree = "<group>"; };
		4D5A9FE81B5F3AF7001D6A91 /* MyVector.h */ = {isa = PBXFileReference; fileEncoding = 4; lastKnownFileType = sourcecode.c.h; path = MyVector.h; sourceTree = "<group>"; };
		4D6638231B671FA7000CBD6A /* Queue.h */ = {isa = PBXFileReference; fileEncoding = 4; lastKnownFileType = sourcecode.c.h; path = Queue.h; sourceTree = "<group>"; };
		4D70928F1B6158F00002A588 /* ListNode.h */ = {isa = PBXFileReference; fileEncoding = 4; lastKnownFileType = sourcecode.c.h; path = ListNode.h; sourceTree = "<group>"; };
		4D7092921B6159370002A588 /* List.h */ = {isa = PBXFileReference; fileEncoding = 4; lastKnownFileType = sourcecode.c.h; path = List.h; sourceTree = "<group>"; };
		4D7A266F1B670E5C002D2970 /* Stack.h */ = {isa = PBXFileReference; fileEncoding = 4; lastKnownFileType = sourcecode.c.h; path = Stack.h; sourceTree = "<group>"; };
		4D8C1E671B6EE1D70031A6CD /* Labyrinth.h */ = {isa = PBXFileReference; fileEncoding = 4; lastKnownFileType = sourcecode.c.h; path = Labyrinth.h; sourceTree = "<group>"; };
		4DCE72F61B73E2D500AB0823 /* Graph.h */ = {isa = PBXFileReference; fileEncoding = 4; lastKnownFileType = sourcecode.c.h; path = Graph.h; sourceTree = "<group>"; };
		4DEBEFF71C332B080044E688 /* Test */ = {isa = PBXFileReference; explicitFileType = "compiled.mach-o.executable"; includeInIndex = 0; path = Test; sourceTree = BUILT_PRODUCTS_DIR; };
		4DEBEFF91C332B080044E688 /* main.cpp */ = {isa = PBXFileReference; lastKnownFileType = sourcecode.cpp.cpp; path = main.cpp; sourceTree = "<group>"; };
/* End PBXFileReference section */

/* Begin PBXFrameworksBuildPhase section */
		4D266B8B1B5F3A400029D2F3 /* Frameworks */ = {
			isa = PBXFrameworksBuildPhase;
			buildActionMask = 2147483647;
			files = (
			);
			runOnlyForDeploymentPostprocessing = 0;
		};
		4DEBEFF41C332B080044E688 /* Frameworks */ = {
			isa = PBXFrameworksBuildPhase;
			buildActionMask = 2147483647;
			files = (
			);
			runOnlyForDeploymentPostprocessing = 0;
		};
/* End PBXFrameworksBuildPhase section */

/* Begin PBXGroup section */
		4D266B851B5F3A400029D2F3 = {
			isa = PBXGroup;
			children = (
				4D266B901B5F3A400029D2F3 /* dataStructure */,
				4DEBEFF81C332B080044E688 /* Test */,
				4D266B8F1B5F3A400029D2F3 /* Products */,
			);
			sourceTree = "<group>";
			usesTabs = 0;
		};
		4D266B8F1B5F3A400029D2F3 /* Products */ = {
			isa = PBXGroup;
			children = (
				4D266B8E1B5F3A400029D2F3 /* dataStructure */,
				4DEBEFF71C332B080044E688 /* Test */,
			);
			name = Products;
			sourceTree = "<group>";
		};
		4D266B901B5F3A400029D2F3 /* dataStructure */ = {
			isa = PBXGroup;
			children = (
				4D1C3E131BC4B8AF00B88AD7 /* AVL.hpp */,
				4D39C4111B7143B90060C5BD /* BinNode.h */,
				4D2581071BC1A419003A45B0 /* BinSearchTree.hpp */,
				4D39C4141B7143C20060C5BD /* BinTree.h */,
				4D520B331BC6FBD200C45C63 /* BTree.hpp */,
				4D5A9FE51B5F3AF7001D6A91 /* Fibonacci.cpp */,
				4D5A9FE61B5F3AF7001D6A91 /* Fibonacci.h */,
				4DCE72F61B73E2D500AB0823 /* Graph.h */,
				4D36E0891C5006FD004AB91D /* Heap.hpp */,
				4D8C1E671B6EE1D70031A6CD /* Labyrinth.h */,
				4D7092921B6159370002A588 /* List.h */,
				4D70928F1B6158F00002A588 /* ListNode.h */,
				4D266B911B5F3A400029D2F3 /* main.cpp */,
				4D5A9FE81B5F3AF7001D6A91 /* MyVector.h */,
				4D25A46F1B6D2EB300F43DB5 /* NormalTest.h */,
				4D36E0861C50063B004AB91D /* PriorityQueue.hpp */,
				4D6638231B671FA7000CBD6A /* Queue.h */,
				4D7A266F1B670E5C002D2970 /* Stack.h */,
				4D30991B1CA0579900973AD3 /* LeetCode.hpp */,
			);
			name = dataStructure;
			path = Source;
			sourceTree = "<group>";
		};
		4DEBEFF81C332B080044E688 /* Test */ = {
			isa = PBXGroup;
			children = (
				4DEBEFF91C332B080044E688 /* main.cpp */,
				4D36E08D1C5067C1004AB91D /* HeapTest.cpp */,
				4D30991C1CA0584000973AD3 /* LeetCodeTest.cpp */,
			);
			path = Test;
			sourceTree = "<group>";
		};
/* End PBXGroup section */

/* Begin PBXNativeTarget section */
		4D266B8D1B5F3A400029D2F3 /* dataStructure */ = {
			isa = PBXNativeTarget;
			buildConfigurationList = 4D266B951B5F3A400029D2F3 /* Build configuration list for PBXNativeTarget "dataStructure" */;
			buildPhases = (
				4D266B8A1B5F3A400029D2F3 /* Sources */,
				4D266B8B1B5F3A400029D2F3 /* Frameworks */,
				4D266B8C1B5F3A400029D2F3 /* CopyFiles */,
			);
			buildRules = (
			);
			dependencies = (
			);
			name = dataStructure;
			productName = testProgram;
			productReference = 4D266B8E1B5F3A400029D2F3 /* dataStructure */;
			productType = "com.apple.product-type.tool";
		};
		4DEBEFF61C332B080044E688 /* Test */ = {
			isa = PBXNativeTarget;
			buildConfigurationList = 4DEBEFFD1C332B080044E688 /* Build configuration list for PBXNativeTarget "Test" */;
			buildPhases = (
				4DEBEFF31C332B080044E688 /* Sources */,
				4DEBEFF41C332B080044E688 /* Frameworks */,
				4DEBEFF51C332B080044E688 /* CopyFiles */,
			);
			buildRules = (
			);
			dependencies = (
			);
			name = Test;
			productName = Test;
			productReference = 4DEBEFF71C332B080044E688 /* Test */;
			productType = "com.apple.product-type.tool";
		};
/* End PBXNativeTarget section */

/* Begin PBXProject section */
		4D266B861B5F3A400029D2F3 /* Project object */ = {
			isa = PBXProject;
			attributes = {
				LastUpgradeCheck = 0700;
				ORGANIZATIONNAME = "University of Southern California";
				TargetAttributes = {
					4D266B8D1B5F3A400029D2F3 = {
						CreatedOnToolsVersion = 6.4;
					};
					4DEBEFF61C332B080044E688 = {
						CreatedOnToolsVersion = 7.2;
					};
				};
			};
			buildConfigurationList = 4D266B891B5F3A400029D2F3 /* Build configuration list for PBXProject "dataStructure" */;
			compatibilityVersion = "Xcode 3.2";
			developmentRegion = English;
			hasScannedForEncodings = 0;
			knownRegions = (
				en,
			);
			mainGroup = 4D266B851B5F3A400029D2F3;
			productRefGroup = 4D266B8F1B5F3A400029D2F3 /* Products */;
			projectDirPath = "";
			projectRoot = "";
			targets = (
				4D266B8D1B5F3A400029D2F3 /* dataStructure */,
				4DEBEFF61C332B080044E688 /* Test */,
			);
		};
/* End PBXProject section */

/* Begin PBXSourcesBuildPhase section */
		4D266B8A1B5F3A400029D2F3 /* Sources */ = {
			isa = PBXSourcesBuildPhase;
			buildActionMask = 2147483647;
			files = (
				4D5A9FE91B5F3AF7001D6A91 /* Fibonacci.cpp in Sources */,
				4D266B921B5F3A400029D2F3 /* main.cpp in Sources */,
			);
			runOnlyForDeploymentPostprocessing = 0;
		};
		4DEBEFF31C332B080044E688 /* Sources */ = {
			isa = PBXSourcesBuildPhase;
			buildActionMask = 2147483647;
			files = (
				4D36E08E1C5067C1004AB91D /* HeapTest.cpp in Sources */,
				4D30991D1CA0584000973AD3 /* LeetCodeTest.cpp in Sources */,
				4DEBEFFA1C332B080044E688 /* main.cpp in Sources */,
			);
			runOnlyForDeploymentPostprocessing = 0;
		};
/* End PBXSourcesBuildPhase section */

/* Begin XCBuildConfiguration section */
		4D266B931B5F3A400029D2F3 /* Debug */ = {
			isa = XCBuildConfiguration;
			buildSettings = {
				ALWAYS_SEARCH_USER_PATHS = NO;
				CLANG_CXX_LANGUAGE_STANDARD = "c++0x";
				CLANG_CXX_LIBRARY = "compiler-default";
				CLANG_ENABLE_MODULES = YES;
				CLANG_ENABLE_OBJC_ARC = YES;
				CLANG_WARN_BOOL_CONVERSION = YES;
				CLANG_WARN_CONSTANT_CONVERSION = YES;
				CLANG_WARN_DIRECT_OBJC_ISA_USAGE = YES_ERROR;
				CLANG_WARN_EMPTY_BODY = YES;
				CLANG_WARN_ENUM_CONVERSION = YES;
				CLANG_WARN_INT_CONVERSION = YES;
				CLANG_WARN_OBJC_ROOT_CLASS = YES_ERROR;
				CLANG_WARN_UNREACHABLE_CODE = YES;
				CLANG_WARN__DUPLICATE_METHOD_MATCH = YES;
				COPY_PHASE_STRIP = NO;
				DEBUG_INFORMATION_FORMAT = dwarf;
				ENABLE_STRICT_OBJC_MSGSEND = YES;
				ENABLE_TESTABILITY = YES;
				GCC_C_LANGUAGE_STANDARD = gnu99;
				GCC_DYNAMIC_NO_PIC = NO;
				GCC_NO_COMMON_BLOCKS = YES;
				GCC_OPTIMIZATION_LEVEL = 0;
				GCC_PREPROCESSOR_DEFINITIONS = (
					"DEBUG=1",
					"$(inherited)",
				);
				GCC_SYMBOLS_PRIVATE_EXTERN = NO;
				GCC_WARN_64_TO_32_BIT_CONVERSION = YES;
				GCC_WARN_ABOUT_RETURN_TYPE = YES_ERROR;
				GCC_WARN_UNDECLARED_SELECTOR = YES;
				GCC_WARN_UNINITIALIZED_AUTOS = YES_AGGRESSIVE;
				GCC_WARN_UNUSED_FUNCTION = YES;
				GCC_WARN_UNUSED_VARIABLE = YES;
				MACOSX_DEPLOYMENT_TARGET = 10.11;
				MTL_ENABLE_DEBUG_INFO = YES;
				ONLY_ACTIVE_ARCH = YES;
				SDKROOT = macosx;
			};
			name = Debug;
		};
		4D266B941B5F3A400029D2F3 /* Release */ = {
			isa = XCBuildConfiguration;
			buildSettings = {
				ALWAYS_SEARCH_USER_PATHS = NO;
				CLANG_CXX_LANGUAGE_STANDARD = "c++0x";
				CLANG_CXX_LIBRARY = "compiler-default";
				CLANG_ENABLE_MODULES = YES;
				CLANG_ENABLE_OBJC_ARC = YES;
				CLANG_WARN_BOOL_CONVERSION = YES;
				CLANG_WARN_CONSTANT_CONVERSION = YES;
				CLANG_WARN_DIRECT_OBJC_ISA_USAGE = YES_ERROR;
				CLANG_WARN_EMPTY_BODY = YES;
				CLANG_WARN_ENUM_CONVERSION = YES;
				CLANG_WARN_INT_CONVERSION = YES;
				CLANG_WARN_OBJC_ROOT_CLASS = YES_ERROR;
				CLANG_WARN_UNREACHABLE_CODE = YES;
				CLANG_WARN__DUPLICATE_METHOD_MATCH = YES;
				COPY_PHASE_STRIP = NO;
				DEBUG_INFORMATION_FORMAT = "dwarf-with-dsym";
				ENABLE_NS_ASSERTIONS = NO;
				ENABLE_STRICT_OBJC_MSGSEND = YES;
				GCC_C_LANGUAGE_STANDARD = gnu99;
				GCC_NO_COMMON_BLOCKS = YES;
				GCC_WARN_64_TO_32_BIT_CONVERSION = YES;
				GCC_WARN_ABOUT_RETURN_TYPE = YES_ERROR;
				GCC_WARN_UNDECLARED_SELECTOR = YES;
				GCC_WARN_UNINITIALIZED_AUTOS = YES_AGGRESSIVE;
				GCC_WARN_UNUSED_FUNCTION = YES;
				GCC_WARN_UNUSED_VARIABLE = YES;
				MACOSX_DEPLOYMENT_TARGET = 10.11;
				MTL_ENABLE_DEBUG_INFO = NO;
				SDKROOT = macosx;
			};
			name = Release;
		};
		4D266B961B5F3A400029D2F3 /* Debug */ = {
			isa = XCBuildConfiguration;
			buildSettings = {
				PRODUCT_NAME = dataStructure;
			};
			name = Debug;
		};
		4D266B971B5F3A400029D2F3 /* Release */ = {
			isa = XCBuildConfiguration;
			buildSettings = {
				PRODUCT_NAME = dataStructure;
			};
			name = Release;
		};
		4DEBEFFB1C332B080044E688 /* Debug */ = {
			isa = XCBuildConfiguration;
			buildSettings = {
				CODE_SIGN_IDENTITY = "-";
				HEADER_SEARCH_PATHS = /usr/local/include;
				LIBRARY_SEARCH_PATHS = /usr/local/lib;
				MACOSX_DEPLOYMENT_TARGET = 10.11;
				OTHER_LDFLAGS = "-lgtest";
				PRODUCT_NAME = "$(TARGET_NAME)";
			};
			name = Debug;
		};
		4DEBEFFC1C332B080044E688 /* Release */ = {
			isa = XCBuildConfiguration;
			buildSettings = {
				CODE_SIGN_IDENTITY = "-";
				GCC_OPTIMIZATION_LEVEL = 0;
				HEADER_SEARCH_PATHS = /usr/local/include;
				LIBRARY_SEARCH_PATHS = /usr/local/lib;
				MACOSX_DEPLOYMENT_TARGET = 10.11;
				OTHER_LDFLAGS = "-lgtest";
				PRODUCT_NAME = "$(TARGET_NAME)";
			};
			name = Release;
		};
/* End XCBuildConfiguration section */

/* Begin XCConfigurationList section */
		4D266B891B5F3A400029D2F3 /* Build configuration list for PBXProject "dataStructure" */ = {
			isa = XCConfigurationList;
			buildConfigurations = (
				4D266B931B5F3A400029D2F3 /* Debug */,
				4D266B941B5F3A400029D2F3 /* Release */,
			);
			defaultConfigurationIsVisible = 0;
			defaultConfigurationName = Release;
		};
		4D266B951B5F3A400029D2F3 /* Build configuration list for PBXNativeTarget "dataStructure" */ = {
			isa = XCConfigurationList;
			buildConfigurations = (
				4D266B961B5F3A400029D2F3 /* Debug */,
				4D266B971B5F3A400029D2F3 /* Release */,
			);
			defaultConfigurationIsVisible = 0;
			defaultConfigurationName = Release;
		};
		4DEBEFFD1C332B080044E688 /* Build configuration list for PBXNativeTarget "Test" */ = {
			isa = XCConfigurationList;
			buildConfigurations = (
				4DEBEFFB1C332B080044E688 /* Debug */,
				4DEBEFFC1C332B080044E688 /* Release */,
			);
			defaultConfigurationIsVisible = 0;
			defaultConfigurationName = Release;
		};
/* End XCConfigurationList section */
	};
	rootObject = 4D266B861B5F3A400029D2F3 /* Project object */;
}
